<?xml version="1.0" encoding="utf-8"?>
<Project ToolsVersion="4.0" xmlns="http://schemas.microsoft.com/developer/msbuild/2003">
  <ItemGroup>
    <Filter Include="include">
      <UniqueIdentifier>{b1350c2a-0971-49c7-a457-191a0dbb78e2}</UniqueIdentifier>
    </Filter>
    <Filter Include="src">
      <UniqueIdentifier>{9d6a6444-3b04-4610-98da-2910f2e12975}</UniqueIdentifier>
    </Filter>
    <Filter Include="public">
      <UniqueIdentifier>{2a5fb3db-9e29-48b6-8700-dce875791baf}</UniqueIdentifier>
    </Filter>
    <Filter Include="version">
      <UniqueIdentifier>{3b33f11d-6bb6-40ed-8d55-a1609f01adeb}</UniqueIdentifier>
    </Filter>
    <Filter Include="gradle">
      <UniqueIdentifier>{91057668-b802-4bd5-913c-b79adf8bff09}</UniqueIdentifier>
    </Filter>
  </ItemGroup>
  <ItemGroup>
    <ClInclude Include="..\include\dllapi.h">
      <Filter>include</Filter>
    </ClInclude>
    <ClInclude Include="..\include\engine_api.h">
      <Filter>include</Filter>
    </ClInclude>
    <ClInclude Include="..\include\enginecallbacks.h">
      <Filter>include</Filter>
    </ClInclude>
    <ClInclude Include="..\include\h_export.h">
      <Filter>include</Filter>
    </ClInclude>
    <ClInclude Include="..\include\log_meta.h">
      <Filter>include</Filter>
    </ClInclude>
    <ClInclude Include="..\include\meta_api.h">
      <Filter>include</Filter>
    </ClInclude>
    <ClInclude Include="..\include\mhook.h">
      <Filter>include</Filter>
    </ClInclude>
    <ClInclude Include="..\include\mreg.h">
      <Filter>include</Filter>
    </ClInclude>
    <ClInclude Include="..\include\mutil.h">
      <Filter>include</Filter>
    </ClInclude>
    <ClInclude Include="..\include\osdep.h">
      <Filter>include</Filter>
    </ClInclude>
    <ClInclude Include="..\include\plinfo.h">
      <Filter>include</Filter>
    </ClInclude>
    <ClInclude Include="..\include\sdk_util.h">
      <Filter>include</Filter>
    </ClInclude>
    <ClInclude Include="..\include\types_meta.h">
      <Filter>include</Filter>
    </ClInclude>
    <ClInclude Include="..\src\precompiled.h">
      <Filter>src</Filter>
    </ClInclude>
    <ClInclude Include="..\src\revoice_shared.h">
      <Filter>src</Filter>
    </ClInclude>
    <ClInclude Include="..\src\osconf.h">
      <Filter>src</Filter>
    </ClInclude>
    <ClInclude Include="..\public\IVoiceCodec.h">
      <Filter>public</Filter>
    </ClInclude>
    <ClInclude Include="..\public\utlbuffer.h">
      <Filter>public</Filter>
    </ClInclude>
    <ClInclude Include="..\public\utlmemory.h">
      <Filter>public</Filter>
    </ClInclude>
    <ClInclude Include="..\src\revoice_cfg.h">
      <Filter>src</Filter>
    </ClInclude>
    <ClInclude Include="..\src\revoice_rehlds_api.h">
      <Filter>src</Filter>
    </ClInclude>
    <ClInclude Include="..\src\VoiceEncoder_Silk.h">
      <Filter>src</Filter>
    </ClInclude>
    <ClInclude Include="..\src\revoice_player.h">
      <Filter>src</Filter>
    </ClInclude>
    <ClInclude Include="..\src\iframeencoder.h">
      <Filter>src</Filter>
    </ClInclude>
    <ClInclude Include="..\src\voice_codec_frame.h">
      <Filter>src</Filter>
    </ClInclude>
    <ClInclude Include="..\src\VoiceEncoder_Speex.h">
      <Filter>src</Filter>
    </ClInclude>
    <ClInclude Include="..\src\revoice_main.h">
      <Filter>src</Filter>
    </ClInclude>
    <ClInclude Include="..\src\SteamP2PCodec.h">
      <Filter>src</Filter>
    </ClInclude>
    <ClInclude Include="..\public\reunion_api.h">
      <Filter>public</Filter>
    </ClInclude>
    <ClInclude Include="..\src\revoice_reunion_api.h">
      <Filter>src</Filter>
    </ClInclude>
    <ClInclude Include="resource.h" />
    <ClInclude Include="..\version\appversion.h">
      <Filter>version</Filter>
    </ClInclude>
    <ClInclude Include="..\src\VoiceEncoder_Opus.h">
      <Filter>src</Filter>
    </ClInclude>
  </ItemGroup>
  <ItemGroup>
    <ClCompile Include="..\src\meta_api.cpp">
      <Filter>src</Filter>
    </ClCompile>
    <ClCompile Include="..\src\precompiled.cpp">
      <Filter>src</Filter>
    </ClCompile>
    <ClCompile Include="..\src\sdk_util.cpp">
      <Filter>src</Filter>
    </ClCompile>
    <ClCompile Include="..\src\revoice_utils.cpp">
      <Filter>src</Filter>
    </ClCompile>
    <ClCompile Include="..\public\utlbuffer.cpp">
      <Filter>public</Filter>
    </ClCompile>
    <ClCompile Include="..\src\revoice_cfg.cpp">
      <Filter>src</Filter>
    </ClCompile>
    <ClCompile Include="..\src\revoice_rehlds_api.cpp">
      <Filter>src</Filter>
    </ClCompile>
    <ClCompile Include="..\src\public_amalgamation.cpp">
      <Filter>src</Filter>
    </ClCompile>
    <ClCompile Include="..\src\VoiceEncoder_Silk.cpp">
      <Filter>src</Filter>
    </ClCompile>
    <ClCompile Include="..\src\voice_codec_frame.cpp">
      <Filter>src</Filter>
    </ClCompile>
    <ClCompile Include="..\src\VoiceEncoder_Speex.cpp">
      <Filter>src</Filter>
    </ClCompile>
    <ClCompile Include="..\src\revoice_player.cpp">
      <Filter>src</Filter>
    </ClCompile>
    <ClCompile Include="..\src\revoice_main.cpp">
      <Filter>src</Filter>
    </ClCompile>
    <ClCompile Include="..\src\SteamP2PCodec.cpp">
      <Filter>src</Filter>
    </ClCompile>
    <ClCompile Include="..\src\revoice_reunion_api.cpp">
      <Filter>src</Filter>
    </ClCompile>
    <ClCompile Include="..\version\version.cpp">
      <Filter>version</Filter>
    </ClCompile>
    <ClCompile Include="..\src\VoiceEncoder_Opus.cpp">
      <Filter>src</Filter>
    </ClCompile>
  </ItemGroup>
  <ItemGroup>
    <None Include="revoice.def" />
    <None Include="..\version\appversion.vm">
      <Filter>version</Filter>
    </None>
    <None Include="..\build.gradle">
      <Filter>gradle</Filter>
    </None>
  </ItemGroup>
  <ItemGroup>
    <ResourceCompile Include="revoice.rc" />
  </ItemGroup>
</Project>