
Microsoft Visual Studio Solution File, Format Version 12.00
# Visual Studio 14
VisualStudioVersion = 14.0.25420.1
MinimumVisualStudioVersion = 10.0.40219.1
Project("{8BC9CEB8-8B4A-11D0-8D11-00A0C91BC942}") = "ReVoice", "..\revoice\msvc\ReVoice.vcxproj", "{DAEFE371-7D77-4B72-A8A5-3CD3D1A55786}"
	ProjectSection(ProjectDependencies) = postProject
		{E1AC990E-C012-4167-80C2-84C98AA7070C} = {E1AC990E-C012-4167-80C2-84C98AA7070C}
		{966DE7A9-EC15-4C1D-8B46-EA813A845723} = {966DE7A9-EC15-4C1D-8B46-EA813A845723}
	EndProjectSection
EndProject
Project("{8BC9CEB8-8B4A-11D0-8D11-00A0C91BC942}") = "Silk", "..\dep\silk\msvc\Silk.vcxproj", "{E1AC990E-C012-4167-80C2-84C98AA7070C}"
EndProject
Project("{8BC9CEB8-8B4A-11D0-8D11-00A0C91BC942}") = "Speex", "..\dep\speex\msvc\Speex.vcxproj", "{966DE7A9-EC15-4C1D-8B46-EA813A845723}"
EndProject
Project("{8BC9CEB8-8B4A-11D0-8D11-00A0C91BC942}") = "Opus", "..\dep\opus\msvc\Opus.vcxproj", "{B17B3098-0141-46EA-BD8E-B98E0C92A81A}"
EndProject
Global
	GlobalSection(SolutionConfigurationPlatforms) = preSolution
		Debug|Win32 = Debug|Win32
		Release|Win32 = Release|Win32
	EndGlobalSection
	GlobalSection(ProjectConfigurationPlatforms) = postSolution
		{DAEFE371-7D77-4B72-A8A5-3CD3D1A55786}.Debug|Win32.ActiveCfg = Debug|Win32
		{DAEFE371-7D77-4B72-A8A5-3CD3D1A55786}.Debug|Win32.Build.0 = Debug|Win32
		{DAEFE371-7D77-4B72-A8A5-3CD3D1A55786}.Release|Win32.ActiveCfg = Release|Win32
		{DAEFE371-7D77-4B72-A8A5-3CD3D1A55786}.Release|Win32.Build.0 = Release|Win32
		{E1AC990E-C012-4167-80C2-84C98AA7070C}.Debug|Win32.ActiveCfg = Debug|Win32
		{E1AC990E-C012-4167-80C2-84C98AA7070C}.Debug|Win32.Build.0 = Debug|Win32
		{E1AC990E-C012-4167-80C2-84C98AA7070C}.Release|Win32.ActiveCfg = Release|Win32
		{E1AC990E-C012-4167-80C2-84C98AA7070C}.Release|Win32.Build.0 = Release|Win32
		{966DE7A9-EC15-4C1D-8B46-EA813A845723}.Debug|Win32.ActiveCfg = Debug|Win32
		{966DE7A9-EC15-4C1D-8B46-EA813A845723}.Debug|Win32.Build.0 = Debug|Win32
		{966DE7A9-EC15-4C1D-8B46-EA813A845723}.Release|Win32.ActiveCfg = Release|Win32
		{966DE7A9-EC15-4C1D-8B46-EA813A845723}.Release|Win32.Build.0 = Release|Win32
		{B17B3098-0141-46EA-BD8E-B98E0C92A81A}.Debug|Win32.ActiveCfg = Debug|Win32
		{B17B3098-0141-46EA-BD8E-B98E0C92A81A}.Debug|Win32.Build.0 = Debug|Win32
		{B17B3098-0141-46EA-BD8E-B98E0C92A81A}.Release|Win32.ActiveCfg = Release|Win32
		{B17B3098-0141-46EA-BD8E-B98E0C92A81A}.Release|Win32.Build.0 = Release|Win32
	EndGlobalSection
	GlobalSection(SolutionProperties) = preSolution
		HideSolutionNode = FALSE
	EndGlobalSection
EndGlobal
